Microsoft Visual Studio Solution File, Format Version 9.00
# Visual C++ Express 2005
Project("{8BC9CEB8-8B4A-11D0-8D11-00A0C91BC942}") = "typelibs", "typelibs.vcproj", "{60F18AAA-4B0A-4AF6-9724-31697AE9D967}"
EndProject
Global
	GlobalSection(SolutionConfigurationPlatforms) = preSolution
		Typelibs|Default = Typelibs|Default
	EndGlobalSection
	GlobalSection(ProjectConfigurationPlatforms) = postSolution
		{60F18AAA-4B0A-4AF6-9724-31697AE9D967}.Typelibs|Default.ActiveCfg = Release|Win32
		{60F18AAA-4B0A-4AF6-9724-31697AE9D967}.Typelibs|Default.Build.0 = Release|Win32
	EndGlobalSection
	GlobalSection(SolutionProperties) = preSolution
		HideSolutionNode = FALSE
	EndGlobalSection
EndGlobal
